# This file is generated by running "yarn install" inside your project.
# Manual changes might be lost - proceed with caution!

__metadata:
  version: 4

"feed@workspace:workspaces/feed":
  version: 0.0.0-use.local
  resolution: "feed@workspace:workspaces/feed"
  languageName: unknown
  linkType: soft

"module@workspace:workspaces/module":
  version: 0.0.0-use.local
  resolution: "module@workspace:workspaces/module"
  languageName: unknown
  linkType: soft

"remote-mfe@workspace:.":
  version: 0.0.0-use.local
  resolution: "remote-mfe@workspace:."
  languageName: unknown
  linkType: soft

"shell@workspace:workspaces/shell":
  version: 0.0.0-use.local
  resolution: "shell@workspace:workspaces/shell"
  languageName: unknown
  linkType: soft
